
Microsoft Visual Studio Solution File, Format Version 12.00
# Visual Studio Version 17
VisualStudioVersion = 17.9.34728.123
MinimumVisualStudioVersion = 10.0.40219.1
Project("{FAE04EC0-301F-11D3-BF4B-00C04F79EFBC}") = "C&V", "C&V.csproj", "{A7DAD963-CFB0-4373-92D8-A23FD3DC0DCA}"
EndProject
Global
	GlobalSection(SolutionConfigurationPlatforms) = preSolution
		Debug|Any CPU = Debug|Any CPU
		Release|Any CPU = Release|Any CPU
	EndGlobalSection
	GlobalSection(ProjectConfigurationPlatforms) = postSolution
		{A7DAD963-CFB0-4373-92D8-A23FD3DC0DCA}.Debug|Any CPU.ActiveCfg = Debug|Any CPU
		{A7DAD963-CFB0-4373-92D8-A23FD3DC0DCA}.Debug|Any CPU.Build.0 = Debug|Any CPU
		{A7DAD963-CFB0-4373-92D8-A23FD3DC0DCA}.Release|Any CPU.ActiveCfg = Release|Any CPU
		{A7DAD963-CFB0-4373-92D8-A23FD3DC0DCA}.Release|Any CPU.Build.0 = Release|Any CPU
	EndGlobalSection
	GlobalSection(SolutionProperties) = preSolution
		HideSolutionNode = FALSE
	EndGlobalSection
	GlobalSection(ExtensibilityGlobals) = postSolution
		SolutionGuid = {AD1D45E3-F37A-48F1-AA2B-D86BDC03AA02}
	EndGlobalSection
EndGlobal
